
Microsoft Visual Studio Solution File, Format Version 12.00
# Visual Studio Version 17
VisualStudioVersion = 17.14.36301.6 d17.14
MinimumVisualStudioVersion = 10.0.40219.1
Project("{FAE04EC0-301F-11D3-BF4B-00C04F79EFBC}") = "Exercicio3", "Exercicio3\Exercicio3.csproj", "{33A67FC4-E2A0-4FF8-9ED7-0D4FF87FBA46}"
EndProject
Global
	GlobalSection(SolutionConfigurationPlatforms) = preSolution
		Debug|Any CPU = Debug|Any CPU
		Release|Any CPU = Release|Any CPU
	EndGlobalSection
	GlobalSection(ProjectConfigurationPlatforms) = postSolution
		{33A67FC4-E2A0-4FF8-9ED7-0D4FF87FBA46}.Debug|Any CPU.ActiveCfg = Debug|Any CPU
		{33A67FC4-E2A0-4FF8-9ED7-0D4FF87FBA46}.Debug|Any CPU.Build.0 = Debug|Any CPU
		{33A67FC4-E2A0-4FF8-9ED7-0D4FF87FBA46}.Release|Any CPU.ActiveCfg = Release|Any CPU
		{33A67FC4-E2A0-4FF8-9ED7-0D4FF87FBA46}.Release|Any CPU.Build.0 = Release|Any CPU
	EndGlobalSection
	GlobalSection(SolutionProperties) = preSolution
		HideSolutionNode = FALSE
	EndGlobalSection
	GlobalSection(ExtensibilityGlobals) = postSolution
		SolutionGuid = {E8BBE0DD-A54E-4F49-B132-D53138775A9A}
	EndGlobalSection
EndGlobal
