
Microsoft Visual Studio Solution File, Format Version 12.00
# Visual Studio Version 17
VisualStudioVersion = 17.14.36203.30 d17.14
MinimumVisualStudioVersion = 10.0.40219.1
Project("{FAE04EC0-301F-11D3-BF4B-00C04F79EFBC}") = "Exercicio", "Exercicio\Exercicio.csproj", "{4AF119C0-210C-43BC-AA53-93CFF613EF84}"
EndProject
Global
	GlobalSection(SolutionConfigurationPlatforms) = preSolution
		Debug|Any CPU = Debug|Any CPU
		Release|Any CPU = Release|Any CPU
	EndGlobalSection
	GlobalSection(ProjectConfigurationPlatforms) = postSolution
		{4AF119C0-210C-43BC-AA53-93CFF613EF84}.Debug|Any CPU.ActiveCfg = Debug|Any CPU
		{4AF119C0-210C-43BC-AA53-93CFF613EF84}.Debug|Any CPU.Build.0 = Debug|Any CPU
		{4AF119C0-210C-43BC-AA53-93CFF613EF84}.Release|Any CPU.ActiveCfg = Release|Any CPU
		{4AF119C0-210C-43BC-AA53-93CFF613EF84}.Release|Any CPU.Build.0 = Release|Any CPU
	EndGlobalSection
	GlobalSection(SolutionProperties) = preSolution
		HideSolutionNode = FALSE
	EndGlobalSection
	GlobalSection(ExtensibilityGlobals) = postSolution
		SolutionGuid = {0987EBD9-1FE4-45BB-B007-F93C7B2569FF}
	EndGlobalSection
EndGlobal
